
Microsoft Visual Studio Solution File, Format Version 12.00
# Visual Studio 15
VisualStudioVersion = 15.0.28307.168
MinimumVisualStudioVersion = 10.0.40219.1
Project("{FAE04EC0-301F-11D3-BF4B-00C04F79EFBC}") = "rowin", "rowin\rowin.csproj", "{2800A053-2118-484F-BC6D-B93974432402}"
EndProject
Global
	GlobalSection(SolutionConfigurationPlatforms) = preSolution
		Debug|Any CPU = Debug|Any CPU
		Release|Any CPU = Release|Any CPU
	EndGlobalSection
	GlobalSection(ProjectConfigurationPlatforms) = postSolution
		{2800A053-2118-484F-BC6D-B93974432402}.Debug|Any CPU.ActiveCfg = Debug|Any CPU
		{2800A053-2118-484F-BC6D-B93974432402}.Debug|Any CPU.Build.0 = Debug|Any CPU
		{2800A053-2118-484F-BC6D-B93974432402}.Release|Any CPU.ActiveCfg = Release|Any CPU
		{2800A053-2118-484F-BC6D-B93974432402}.Release|Any CPU.Build.0 = Release|Any CPU
	EndGlobalSection
	GlobalSection(SolutionProperties) = preSolution
		HideSolutionNode = FALSE
	EndGlobalSection
	GlobalSection(ExtensibilityGlobals) = postSolution
		SolutionGuid = {4077B80C-7B81-421F-A631-64C228BCF067}
	EndGlobalSection
EndGlobal
